
Microsoft Visual Studio Solution File, Format Version 12.00
# Visual Studio 14
VisualStudioVersion = 14.0.25420.1
MinimumVisualStudioVersion = 10.0.40219.1
Project("{CC5FD16D-436D-48AD-A40C-5A424C6E3E79}") = "UniversityDbCloudService", "UniversityDbCloudService\UniversityDbCloudService.ccproj", "{5996F817-3B7C-415E-9182-12B05E0C5164}"
EndProject
Project("{FAE04EC0-301F-11D3-BF4B-00C04F79EFBC}") = "UniversityDbWeb", "UniversityDbWeb\UniversityDbWeb.csproj", "{6211CD8D-CB14-4F9A-B05A-1CA3634BDC0F}"
EndProject
Project("{FAE04EC0-301F-11D3-BF4B-00C04F79EFBC}") = "UniversityDbWorker", "UniversityDbWorker\UniversityDbWorker.csproj", "{40F2C6B9-6773-46FD-980D-19ECC7CD1BB0}"
EndProject
Project("{FAE04EC0-301F-11D3-BF4B-00C04F79EFBC}") = "UniversityDbCommon", "UniversityDbCommon\UniversityDbCommon.csproj", "{34EBF15D-E8F1-4CC9-B8C8-C5101AA5B4C0}"
EndProject
Global
	GlobalSection(SolutionConfigurationPlatforms) = preSolution
		Debug|Any CPU = Debug|Any CPU
		Release|Any CPU = Release|Any CPU
	EndGlobalSection
	GlobalSection(ProjectConfigurationPlatforms) = postSolution
		{5996F817-3B7C-415E-9182-12B05E0C5164}.Debug|Any CPU.ActiveCfg = Debug|Any CPU
		{5996F817-3B7C-415E-9182-12B05E0C5164}.Debug|Any CPU.Build.0 = Debug|Any CPU
		{5996F817-3B7C-415E-9182-12B05E0C5164}.Release|Any CPU.ActiveCfg = Release|Any CPU
		{5996F817-3B7C-415E-9182-12B05E0C5164}.Release|Any CPU.Build.0 = Release|Any CPU
		{6211CD8D-CB14-4F9A-B05A-1CA3634BDC0F}.Debug|Any CPU.ActiveCfg = Debug|Any CPU
		{6211CD8D-CB14-4F9A-B05A-1CA3634BDC0F}.Debug|Any CPU.Build.0 = Debug|Any CPU
		{6211CD8D-CB14-4F9A-B05A-1CA3634BDC0F}.Release|Any CPU.ActiveCfg = Release|Any CPU
		{6211CD8D-CB14-4F9A-B05A-1CA3634BDC0F}.Release|Any CPU.Build.0 = Release|Any CPU
		{40F2C6B9-6773-46FD-980D-19ECC7CD1BB0}.Debug|Any CPU.ActiveCfg = Debug|Any CPU
		{40F2C6B9-6773-46FD-980D-19ECC7CD1BB0}.Debug|Any CPU.Build.0 = Debug|Any CPU
		{40F2C6B9-6773-46FD-980D-19ECC7CD1BB0}.Release|Any CPU.ActiveCfg = Release|Any CPU
		{40F2C6B9-6773-46FD-980D-19ECC7CD1BB0}.Release|Any CPU.Build.0 = Release|Any CPU
		{34EBF15D-E8F1-4CC9-B8C8-C5101AA5B4C0}.Debug|Any CPU.ActiveCfg = Debug|Any CPU
		{34EBF15D-E8F1-4CC9-B8C8-C5101AA5B4C0}.Debug|Any CPU.Build.0 = Debug|Any CPU
		{34EBF15D-E8F1-4CC9-B8C8-C5101AA5B4C0}.Release|Any CPU.ActiveCfg = Release|Any CPU
		{34EBF15D-E8F1-4CC9-B8C8-C5101AA5B4C0}.Release|Any CPU.Build.0 = Release|Any CPU
	EndGlobalSection
	GlobalSection(SolutionProperties) = preSolution
		HideSolutionNode = FALSE
	EndGlobalSection
EndGlobal
